
Microsoft Visual Studio Solution File, Format Version 10.00
# Visual C++ Express 2008
Project("{8BC9CEB8-8B4A-11D0-8D11-00A0C91BC942}") = "GameRangerDirectConnectFixer", "vc9\GameRangerDirectConnectFixer.vcproj", "{9D747F02-E964-4C22-A750-D61D9CE9E56A}"
EndProject
Global
	GlobalSection(SolutionConfigurationPlatforms) = preSolution
		Debug|Win32 = Debug|Win32
		Release|Win32 = Release|Win32
	EndGlobalSection
	GlobalSection(ProjectConfigurationPlatforms) = postSolution
		{9D747F02-E964-4C22-A750-D61D9CE9E56A}.Debug|Win32.ActiveCfg = Debug|Win32
		{9D747F02-E964-4C22-A750-D61D9CE9E56A}.Debug|Win32.Build.0 = Debug|Win32
		{9D747F02-E964-4C22-A750-D61D9CE9E56A}.Release|Win32.ActiveCfg = Release|Win32
		{9D747F02-E964-4C22-A750-D61D9CE9E56A}.Release|Win32.Build.0 = Release|Win32
	EndGlobalSection
	GlobalSection(SolutionProperties) = preSolution
		HideSolutionNode = FALSE
	EndGlobalSection
EndGlobal
